// !$*UTF8*$!
{
	archiveVersion = 1;
	classes = {
	};
	objectVersion = 56;
	objects = {

/* Begin PBXBuildFile section */
		FCE633A42A3554C5007F6C45 /* learn_swiftApp.swift in Sources */ = {isa = PBXBuildFile; fileRef = FCE633A32A3554C5007F6C45 /* learn_swiftApp.swift */; };
		FCE633A62A3554C5007F6C45 /* ContentView.swift in Sources */ = {isa = PBXBuildFile; fileRef = FCE633A52A3554C5007F6C45 /* ContentView.swift */; };
		FCE633A82A3554C5007F6C45 /* Assets.xcassets in Resources */ = {isa = PBXBuildFile; fileRef = FCE633A72A3554C5007F6C45 /* Assets.xcassets */; };
		FCE633AB2A3554C5007F6C45 /* Preview Assets.xcassets in Resources */ = {isa = PBXBuildFile; fileRef = FCE633AA2A3554C5007F6C45 /* Preview Assets.xcassets */; };
		FCE633B52A3554C5007F6C45 /* learn_swiftTests.swift in Sources */ = {isa = PBXBuildFile; fileRef = FCE633B42A3554C5007F6C45 /* learn_swiftTests.swift */; };
		FCE633BF2A3554C6007F6C45 /* learn_swiftUITests.swift in Sources */ = {isa = PBXBuildFile; fileRef = FCE633BE2A3554C6007F6C45 /* learn_swiftUITests.swift */; };
		FCE633C12A3554C6007F6C45 /* learn_swiftUITestsLaunchTests.swift in Sources */ = {isa = PBXBuildFile; fileRef = FCE633C02A3554C6007F6C45 /* learn_swiftUITestsLaunchTests.swift */; };
/* End PBXBuildFile section */

/* Begin PBXContainerItemProxy section */
		FCE633B12A3554C5007F6C45 /* PBXContainerItemProxy */ = {
			isa = PBXContainerItemProxy;
			containerPortal = FCE633982A3554C5007F6C45 /* Project object */;
			proxyType = 1;
			remoteGlobalIDString = FCE6339F2A3554C5007F6C45;
			remoteInfo = "learn-swift";
		};
		FCE633BB2A3554C6007F6C45 /* PBXContainerItemProxy */ = {
			isa = PBXContainerItemProxy;
			containerPortal = FCE633982A3554C5007F6C45 /* Project object */;
			proxyType = 1;
			remoteGlobalIDString = FCE6339F2A3554C5007F6C45;
			remoteInfo = "learn-swift";
		};
/* End PBXContainerItemProxy section */

/* Begin PBXFileReference section */
		FCE633A02A3554C5007F6C45 /* learn-swift.app */ = {isa = PBXFileReference; explicitFileType = wrapper.application; includeInIndex = 0; path = "learn-swift.app"; sourceTree = BUILT_PRODUCTS_DIR; };
		FCE633A32A3554C5007F6C45 /* learn_swiftApp.swift */ = {isa = PBXFileReference; lastKnownFileType = sourcecode.swift; path = learn_swiftApp.swift; sourceTree = "<group>"; };
		FCE633A52A3554C5007F6C45 /* ContentView.swift */ = {isa = PBXFileReference; lastKnownFileType = sourcecode.swift; path = ContentView.swift; sourceTree = "<group>"; };
		FCE633A72A3554C5007F6C45 /* Assets.xcassets */ = {isa = PBXFileReference; lastKnownFileType = folder.assetcatalog; path = Assets.xcassets; sourceTree = "<group>"; };
		FCE633AA2A3554C5007F6C45 /* Preview Assets.xcassets */ = {isa = PBXFileReference; lastKnownFileType = folder.assetcatalog; path = "Preview Assets.xcassets"; sourceTree = "<group>"; };
		FCE633B02A3554C5007F6C45 /* learn-swiftTests.xctest */ = {isa = PBXFileReference; explicitFileType = wrapper.cfbundle; includeInIndex = 0; path = "learn-swiftTests.xctest"; sourceTree = BUILT_PRODUCTS_DIR; };
		FCE633B42A3554C5007F6C45 /* learn_swiftTests.swift */ = {isa = PBXFileReference; lastKnownFileType = sourcecode.swift; path = learn_swiftTests.swift; sourceTree = "<group>"; };
		FCE633BA2A3554C6007F6C45 /* learn-swiftUITests.xctest */ = {isa = PBXFileReference; explicitFileType = wrapper.cfbundle; includeInIndex = 0; path = "learn-swiftUITests.xctest"; sourceTree = BUILT_PRODUCTS_DIR; };
		FCE633BE2A3554C6007F6C45 /* learn_swiftUITests.swift */ = {isa = PBXFileReference; lastKnownFileType = sourcecode.swift; path = learn_swiftUITests.swift; sourceTree = "<group>"; };
		FCE633C02A3554C6007F6C45 /* learn_swiftUITestsLaunchTests.swift */ = {isa = PBXFileReference; lastKnownFileType = sourcecode.swift; path = learn_swiftUITestsLaunchTests.swift; sourceTree = "<group>"; };
/* End PBXFileReference section */

/* Begin PBXFrameworksBuildPhase section */
		FCE6339D2A3554C5007F6C45 /* Frameworks */ = {
			isa = PBXFrameworksBuildPhase;
			buildActionMask = 2147483647;
			files = (
			);
			runOnlyForDeploymentPostprocessing = 0;
		};
		FCE633AD2A3554C5007F6C45 /* Frameworks */ = {
			isa = PBXFrameworksBuildPhase;
			buildActionMask = 2147483647;
			files = (
			);
			runOnlyForDeploymentPostprocessing = 0;
		};
		FCE633B72A3554C6007F6C45 /* Frameworks */ = {
			isa = PBXFrameworksBuildPhase;
			buildActionMask = 2147483647;
			files = (
			);
			runOnlyForDeploymentPostprocessing = 0;
		};
/* End PBXFrameworksBuildPhase section */

/* Begin PBXGroup section */
		FCE633972A3554C5007F6C45 = {
			isa = PBXGroup;
			children = (
				FCE633A22A3554C5007F6C45 /* learn-swift */,
				FCE633B32A3554C5007F6C45 /* learn-swiftTests */,
				FCE633BD2A3554C6007F6C45 /* learn-swiftUITests */,
				FCE633A12A3554C5007F6C45 /* Products */,
			);
			sourceTree = "<group>";
		};
		FCE633A12A3554C5007F6C45 /* Products */ = {
			isa = PBXGroup;
			children = (
				FCE633A02A3554C5007F6C45 /* learn-swift.app */,
				FCE633B02A3554C5007F6C45 /* learn-swiftTests.xctest */,
				FCE633BA2A3554C6007F6C45 /* learn-swiftUITests.xctest */,
			);
			name = Products;
			sourceTree = "<group>";
		};
		FCE633A22A3554C5007F6C45 /* learn-swift */ = {
			isa = PBXGroup;
			children = (
				FCE633A32A3554C5007F6C45 /* learn_swiftApp.swift */,
				FCE633A52A3554C5007F6C45 /* ContentView.swift */,
				FCE633A72A3554C5007F6C45 /* Assets.xcassets */,
				FCE633A92A3554C5007F6C45 /* Preview Content */,
			);
			path = "learn-swift";
			sourceTree = "<group>";
		};
		FCE633A92A3554C5007F6C45 /* Preview Content */ = {
			isa = PBXGroup;
			children = (
				FCE633AA2A3554C5007F6C45 /* Preview Assets.xcassets */,
			);
			path = "Preview Content";
			sourceTree = "<group>";
		};
		FCE633B32A3554C5007F6C45 /* learn-swiftTests */ = {
			isa = PBXGroup;
			children = (
				FCE633B42A3554C5007F6C45 /* learn_swiftTests.swift */,
			);
			path = "learn-swiftTests";
			sourceTree = "<group>";
		};
		FCE633BD2A3554C6007F6C45 /* learn-swiftUITests */ = {
			isa = PBXGroup;
			children = (
				FCE633BE2A3554C6007F6C45 /* learn_swiftUITests.swift */,
				FCE633C02A3554C6007F6C45 /* learn_swiftUITestsLaunchTests.swift */,
			);
			path = "learn-swiftUITests";
			sourceTree = "<group>";
		};
/* End PBXGroup section */

/* Begin PBXNativeTarget section */
		FCE6339F2A3554C5007F6C45 /* learn-swift */ = {
			isa = PBXNativeTarget;
			buildConfigurationList = FCE633C42A3554C6007F6C45 /* Build configuration list for PBXNativeTarget "learn-swift" */;
			buildPhases = (
				FCE6339C2A3554C5007F6C45 /* Sources */,
				FCE6339D2A3554C5007F6C45 /* Frameworks */,
				FCE6339E2A3554C5007F6C45 /* Resources */,
			);
			buildRules = (
			);
			dependencies = (
			);
			name = "learn-swift";
			productName = "learn-swift";
			productReference = FCE633A02A3554C5007F6C45 /* learn-swift.app */;
			productType = "com.apple.product-type.application";
		};
		FCE633AF2A3554C5007F6C45 /* learn-swiftTests */ = {
			isa = PBXNativeTarget;
			buildConfigurationList = FCE633C72A3554C6007F6C45 /* Build configuration list for PBXNativeTarget "learn-swiftTests" */;
			buildPhases = (
				FCE633AC2A3554C5007F6C45 /* Sources */,
				FCE633AD2A3554C5007F6C45 /* Frameworks */,
				FCE633AE2A3554C5007F6C45 /* Resources */,
			);
			buildRules = (
			);
			dependencies = (
				FCE633B22A3554C5007F6C45 /* PBXTargetDependency */,
			);
			name = "learn-swiftTests";
			productName = "learn-swiftTests";
			productReference = FCE633B02A3554C5007F6C45 /* learn-swiftTests.xctest */;
			productType = "com.apple.product-type.bundle.unit-test";
		};
		FCE633B92A3554C6007F6C45 /* learn-swiftUITests */ = {
			isa = PBXNativeTarget;
			buildConfigurationList = FCE633CA2A3554C6007F6C45 /* Build configuration list for PBXNativeTarget "learn-swiftUITests" */;
			buildPhases = (
				FCE633B62A3554C6007F6C45 /* Sources */,
				FCE633B72A3554C6007F6C45 /* Frameworks */,
				FCE633B82A3554C6007F6C45 /* Resources */,
			);
			buildRules = (
			);
			dependencies = (
				FCE633BC2A3554C6007F6C45 /* PBXTargetDependency */,
			);
			name = "learn-swiftUITests";
			productName = "learn-swiftUITests";
			productReference = FCE633BA2A3554C6007F6C45 /* learn-swiftUITests.xctest */;
			productType = "com.apple.product-type.bundle.ui-testing";
		};
/* End PBXNativeTarget section */

/* Begin PBXProject section */
		FCE633982A3554C5007F6C45 /* Project object */ = {
			isa = PBXProject;
			attributes = {
				BuildIndependentTargetsInParallel = 1;
				LastSwiftUpdateCheck = 1430;
				LastUpgradeCheck = 1430;
				TargetAttributes = {
					FCE6339F2A3554C5007F6C45 = {
						CreatedOnToolsVersion = 14.3.1;
					};
					FCE633AF2A3554C5007F6C45 = {
						CreatedOnToolsVersion = 14.3.1;
						TestTargetID = FCE6339F2A3554C5007F6C45;
					};
					FCE633B92A3554C6007F6C45 = {
						CreatedOnToolsVersion = 14.3.1;
						TestTargetID = FCE6339F2A3554C5007F6C45;
					};
				};
			};
			buildConfigurationList = FCE6339B2A3554C5007F6C45 /* Build configuration list for PBXProject "learn-swift" */;
			compatibilityVersion = "Xcode 14.0";
			developmentRegion = en;
			hasScannedForEncodings = 0;
			knownRegions = (
				en,
				Base,
			);
			mainGroup = FCE633972A3554C5007F6C45;
			productRefGroup = FCE633A12A3554C5007F6C45 /* Products */;
			projectDirPath = "";
			projectRoot = "";
			targets = (
				FCE6339F2A3554C5007F6C45 /* learn-swift */,
				FCE633AF2A3554C5007F6C45 /* learn-swiftTests */,
				FCE633B92A3554C6007F6C45 /* learn-swiftUITests */,
			);
		};
/* End PBXProject section */

/* Begin PBXResourcesBuildPhase section */
		FCE6339E2A3554C5007F6C45 /* Resources */ = {
			isa = PBXResourcesBuildPhase;
			buildActionMask = 2147483647;
			files = (
				FCE633AB2A3554C5007F6C45 /* Preview Assets.xcassets in Resources */,
				FCE633A82A3554C5007F6C45 /* Assets.xcassets in Resources */,
			);
			runOnlyForDeploymentPostprocessing = 0;
		};
		FCE633AE2A3554C5007F6C45 /* Resources */ = {
			isa = PBXResourcesBuildPhase;
			buildActionMask = 2147483647;
			files = (
			);
			runOnlyForDeploymentPostprocessing = 0;
		};
		FCE633B82A3554C6007F6C45 /* Resources */ = {
			isa = PBXResourcesBuildPhase;
			buildActionMask = 2147483647;
			files = (
			);
			runOnlyForDeploymentPostprocessing = 0;
		};
/* End PBXResourcesBuildPhase section */

/* Begin PBXSourcesBuildPhase section */
		FCE6339C2A3554C5007F6C45 /* Sources */ = {
			isa = PBXSourcesBuildPhase;
			buildActionMask = 2147483647;
			files = (
				FCE633A62A3554C5007F6C45 /* ContentView.swift in Sources */,
				FCE633A42A3554C5007F6C45 /* learn_swiftApp.swift in Sources */,
			);
			runOnlyForDeploymentPostprocessing = 0;
		};
		FCE633AC2A3554C5007F6C45 /* Sources */ = {
			isa = PBXSourcesBuildPhase;
			buildActionMask = 2147483647;
			files = (
				FCE633B52A3554C5007F6C45 /* learn_swiftTests.swift in Sources */,
			);
			runOnlyForDeploymentPostprocessing = 0;
		};
		FCE633B62A3554C6007F6C45 /* Sources */ = {
			isa = PBXSourcesBuildPhase;
			buildActionMask = 2147483647;
			files = (
				FCE633BF2A3554C6007F6C45 /* learn_swiftUITests.swift in Sources */,
				FCE633C12A3554C6007F6C45 /* learn_swiftUITestsLaunchTests.swift in Sources */,
			);
			runOnlyForDeploymentPostprocessing = 0;
		};
/* End PBXSourcesBuildPhase section */

/* Begin PBXTargetDependency section */
		FCE633B22A3554C5007F6C45 /* PBXTargetDependency */ = {
			isa = PBXTargetDependency;
			target = FCE6339F2A3554C5007F6C45 /* learn-swift */;
			targetProxy = FCE633B12A3554C5007F6C45 /* PBXContainerItemProxy */;
		};
		FCE633BC2A3554C6007F6C45 /* PBXTargetDependency */ = {
			isa = PBXTargetDependency;
			target = FCE6339F2A3554C5007F6C45 /* learn-swift */;
			targetProxy = FCE633BB2A3554C6007F6C45 /* PBXContainerItemProxy */;
		};
/* End PBXTargetDependency section */

/* Begin XCBuildConfiguration section */
		FCE633C22A3554C6007F6C45 /* Debug */ = {
			isa = XCBuildConfiguration;
			buildSettings = {
				ALWAYS_SEARCH_USER_PATHS = NO;
				CLANG_ANALYZER_NONNULL = YES;
				CLANG_ANALYZER_NUMBER_OBJECT_CONVERSION = YES_AGGRESSIVE;
				CLANG_CXX_LANGUAGE_STANDARD = "gnu++20";
				CLANG_ENABLE_MODULES = YES;
				CLANG_ENABLE_OBJC_ARC = YES;
				CLANG_ENABLE_OBJC_WEAK = YES;
				CLANG_WARN_BLOCK_CAPTURE_AUTORELEASING = YES;
				CLANG_WARN_BOOL_CONVERSION = YES;
				CLANG_WARN_COMMA = YES;
				CLANG_WARN_CONSTANT_CONVERSION = YES;
				CLANG_WARN_DEPRECATED_OBJC_IMPLEMENTATIONS = YES;
				CLANG_WARN_DIRECT_OBJC_ISA_USAGE = YES_ERROR;
				CLANG_WARN_DOCUMENTATION_COMMENTS = YES;
				CLANG_WARN_EMPTY_BODY = YES;
				CLANG_WARN_ENUM_CONVERSION = YES;
				CLANG_WARN_INFINITE_RECURSION = YES;
				CLANG_WARN_INT_CONVERSION = YES;
				CLANG_WARN_NON_LITERAL_NULL_CONVERSION = YES;
				CLANG_WARN_OBJC_IMPLICIT_RETAIN_SELF = YES;
				CLANG_WARN_OBJC_LITERAL_CONVERSION = YES;
				CLANG_WARN_OBJC_ROOT_CLASS = YES_ERROR;
				CLANG_WARN_QUOTED_INCLUDE_IN_FRAMEWORK_HEADER = YES;
				CLANG_WARN_RANGE_LOOP_ANALYSIS = YES;
				CLANG_WARN_STRICT_PROTOTYPES = YES;
				CLANG_WARN_SUSPICIOUS_MOVE = YES;
				CLANG_WARN_UNGUARDED_AVAILABILITY = YES_AGGRESSIVE;
				CLANG_WARN_UNREACHABLE_CODE = YES;
				CLANG_WARN__DUPLICATE_METHOD_MATCH = YES;
				COPY_PHASE_STRIP = NO;
				DEBUG_INFORMATION_FORMAT = dwarf;
				ENABLE_STRICT_OBJC_MSGSEND = YES;
				ENABLE_TESTABILITY = YES;
				GCC_C_LANGUAGE_STANDARD = gnu11;
				GCC_DYNAMIC_NO_PIC = NO;
				GCC_NO_COMMON_BLOCKS = YES;
				GCC_OPTIMIZATION_LEVEL = 0;
				GCC_PREPROCESSOR_DEFINITIONS = (
					"DEBUG=1",
					"$(inherited)",
				);
				GCC_WARN_64_TO_32_BIT_CONVERSION = YES;
				GCC_WARN_ABOUT_RETURN_TYPE = YES_ERROR;
				GCC_WARN_UNDECLARED_SELECTOR = YES;
				GCC_WARN_UNINITIALIZED_AUTOS = YES_AGGRESSIVE;
				GCC_WARN_UNUSED_FUNCTION = YES;
				GCC_WARN_UNUSED_VARIABLE = YES;
				IPHONEOS_DEPLOYMENT_TARGET = 16.4;
				MTL_ENABLE_DEBUG_INFO = INCLUDE_SOURCE;
				MTL_FAST_MATH = YES;
				ONLY_ACTIVE_ARCH = YES;
				SDKROOT = iphoneos;
				SWIFT_ACTIVE_COMPILATION_CONDITIONS = DEBUG;
				SWIFT_OPTIMIZATION_LEVEL = "-Onone";
			};
			name = Debug;
		};
		FCE633C32A3554C6007F6C45 /* Release */ = {
			isa = XCBuildConfiguration;
			buildSettings = {
				ALWAYS_SEARCH_USER_PATHS = NO;
				CLANG_ANALYZER_NONNULL = YES;
				CLANG_ANALYZER_NUMBER_OBJECT_CONVERSION = YES_AGGRESSIVE;
				CLANG_CXX_LANGUAGE_STANDARD = "gnu++20";
				CLANG_ENABLE_MODULES = YES;
				CLANG_ENABLE_OBJC_ARC = YES;
				CLANG_ENABLE_OBJC_WEAK = YES;
				CLANG_WARN_BLOCK_CAPTURE_AUTORELEASING = YES;
				CLANG_WARN_BOOL_CONVERSION = YES;
				CLANG_WARN_COMMA = YES;
				CLANG_WARN_CONSTANT_CONVERSION = YES;
				CLANG_WARN_DEPRECATED_OBJC_IMPLEMENTATIONS = YES;
				CLANG_WARN_DIRECT_OBJC_ISA_USAGE = YES_ERROR;
				CLANG_WARN_DOCUMENTATION_COMMENTS = YES;
				CLANG_WARN_EMPTY_BODY = YES;
				CLANG_WARN_ENUM_CONVERSION = YES;
				CLANG_WARN_INFINITE_RECURSION = YES;
				CLANG_WARN_INT_CONVERSION = YES;
				CLANG_WARN_NON_LITERAL_NULL_CONVERSION = YES;
				CLANG_WARN_OBJC_IMPLICIT_RETAIN_SELF = YES;
				CLANG_WARN_OBJC_LITERAL_CONVERSION = YES;
				CLANG_WARN_OBJC_ROOT_CLASS = YES_ERROR;
				CLANG_WARN_QUOTED_INCLUDE_IN_FRAMEWORK_HEADER = YES;
				CLANG_WARN_RANGE_LOOP_ANALYSIS = YES;
				CLANG_WARN_STRICT_PROTOTYPES = YES;
				CLANG_WARN_SUSPICIOUS_MOVE = YES;
				CLANG_WARN_UNGUARDED_AVAILABILITY = YES_AGGRESSIVE;
				CLANG_WARN_UNREACHABLE_CODE = YES;
				CLANG_WARN__DUPLICATE_METHOD_MATCH = YES;
				COPY_PHASE_STRIP = NO;
				DEBUG_INFORMATION_FORMAT = "dwarf-with-dsym";
				ENABLE_NS_ASSERTIONS = NO;
				ENABLE_STRICT_OBJC_MSGSEND = YES;
				GCC_C_LANGUAGE_STANDARD = gnu11;
				GCC_NO_COMMON_BLOCKS = YES;
				GCC_WARN_64_TO_32_BIT_CONVERSION = YES;
				GCC_WARN_ABOUT_RETURN_TYPE = YES_ERROR;
				GCC_WARN_UNDECLARED_SELECTOR = YES;
				GCC_WARN_UNINITIALIZED_AUTOS = YES_AGGRESSIVE;
				GCC_WARN_UNUSED_FUNCTION = YES;
				GCC_WARN_UNUSED_VARIABLE = YES;
				IPHONEOS_DEPLOYMENT_TARGET = 16.4;
				MTL_ENABLE_DEBUG_INFO = NO;
				MTL_FAST_MATH = YES;
				SDKROOT = iphoneos;
				SWIFT_COMPILATION_MODE = wholemodule;
				SWIFT_OPTIMIZATION_LEVEL = "-O";
				VALIDATE_PRODUCT = YES;
			};
			name = Release;
		};
		FCE633C52A3554C6007F6C45 /* Debug */ = {
			isa = XCBuildConfiguration;
			buildSettings = {
				ASSETCATALOG_COMPILER_APPICON_NAME = AppIcon;
				ASSETCATALOG_COMPILER_GLOBAL_ACCENT_COLOR_NAME = AccentColor;
				CODE_SIGN_STYLE = Automatic;
				CURRENT_PROJECT_VERSION = 1;
				DEVELOPMENT_ASSET_PATHS = "\"learn-swift/Preview Content\"";
				ENABLE_PREVIEWS = YES;
				GENERATE_INFOPLIST_FILE = YES;
				INFOPLIST_KEY_UIApplicationSceneManifest_Generation = YES;
				INFOPLIST_KEY_UIApplicationSupportsIndirectInputEvents = YES;
				INFOPLIST_KEY_UILaunchScreen_Generation = YES;
				INFOPLIST_KEY_UISupportedInterfaceOrientations_iPad = "UIInterfaceOrientationPortrait UIInterfaceOrientationPortraitUpsideDown UIInterfaceOrientationLandscapeLeft UIInterfaceOrientationLandscapeRight";
				INFOPLIST_KEY_UISupportedInterfaceOrientations_iPhone = "UIInterfaceOrientationPortrait UIInterfaceOrientationLandscapeLeft UIInterfaceOrientationLandscapeRight";
				LD_RUNPATH_SEARCH_PATHS = (
					"$(inherited)",
					"@executable_path/Frameworks",
				);
				MARKETING_VERSION = 1.0;
				PRODUCT_BUNDLE_IDENTIFIER = "RobertChen.learn-swift";
				PRODUCT_NAME = "$(TARGET_NAME)";
				SWIFT_EMIT_LOC_STRINGS = YES;
				SWIFT_VERSION = 5.0;
				TARGETED_DEVICE_FAMILY = "1,2";
			};
			name = Debug;
		};
		FCE633C62A3554C6007F6C45 /* Release */ = {
			isa = XCBuildConfiguration;
			buildSettings = {
				ASSETCATALOG_COMPILER_APPICON_NAME = AppIcon;
				ASSETCATALOG_COMPILER_GLOBAL_ACCENT_COLOR_NAME = AccentColor;
				CODE_SIGN_STYLE = Automatic;
				CURRENT_PROJECT_VERSION = 1;
				DEVELOPMENT_ASSET_PATHS = "\"learn-swift/Preview Content\"";
				ENABLE_PREVIEWS = YES;
				GENERATE_INFOPLIST_FILE = YES;
				INFOPLIST_KEY_UIApplicationSceneManifest_Generation = YES;
				INFOPLIST_KEY_UIApplicationSupportsIndirectInputEvents = YES;
				INFOPLIST_KEY_UILaunchScreen_Generation = YES;
				INFOPLIST_KEY_UISupportedInterfaceOrientations_iPad = "UIInterfaceOrientationPortrait UIInterfaceOrientationPortraitUpsideDown UIInterfaceOrientationLandscapeLeft UIInterfaceOrientationLandscapeRight";
				INFOPLIST_KEY_UISupportedInterfaceOrientations_iPhone = "UIInterfaceOrientationPortrait UIInterfaceOrientationLandscapeLeft UIInterfaceOrientationLandscapeRight";
				LD_RUNPATH_SEARCH_PATHS = (
					"$(inherited)",
					"@executable_path/Frameworks",
				);
				MARKETING_VERSION = 1.0;
				PRODUCT_BUNDLE_IDENTIFIER = "RobertChen.learn-swift";
				PRODUCT_NAME = "$(TARGET_NAME)";
				SWIFT_EMIT_LOC_STRINGS = YES;
				SWIFT_VERSION = 5.0;
				TARGETED_DEVICE_FAMILY = "1,2";
			};
			name = Release;
		};
		FCE633C82A3554C6007F6C45 /* Debug */ = {
			isa = XCBuildConfiguration;
			buildSettings = {
				ALWAYS_EMBED_SWIFT_STANDARD_LIBRARIES = YES;
				BUNDLE_LOADER = "$(TEST_HOST)";
				CODE_SIGN_STYLE = Automatic;
				CURRENT_PROJECT_VERSION = 1;
				GENERATE_INFOPLIST_FILE = YES;
				IPHONEOS_DEPLOYMENT_TARGET = 16.4;
				MARKETING_VERSION = 1.0;
				PRODUCT_BUNDLE_IDENTIFIER = "RobertChen.learn-swiftTests";
				PRODUCT_NAME = "$(TARGET_NAME)";
				SWIFT_EMIT_LOC_STRINGS = NO;
				SWIFT_VERSION = 5.0;
				TARGETED_DEVICE_FAMILY = "1,2";
				TEST_HOST = "$(BUILT_PRODUCTS_DIR)/learn-swift.app/$(BUNDLE_EXECUTABLE_FOLDER_PATH)/learn-swift";
			};
			name = Debug;
		};
		FCE633C92A3554C6007F6C45 /* Release */ = {
			isa = XCBuildConfiguration;
			buildSettings = {
				ALWAYS_EMBED_SWIFT_STANDARD_LIBRARIES = YES;
				BUNDLE_LOADER = "$(TEST_HOST)";
				CODE_SIGN_STYLE = Automatic;
				CURRENT_PROJECT_VERSION = 1;
				GENERATE_INFOPLIST_FILE = YES;
				IPHONEOS_DEPLOYMENT_TARGET = 16.4;
				MARKETING_VERSION = 1.0;
				PRODUCT_BUNDLE_IDENTIFIER = "RobertChen.learn-swiftTests";
				PRODUCT_NAME = "$(TARGET_NAME)";
				SWIFT_EMIT_LOC_STRINGS = NO;
				SWIFT_VERSION = 5.0;
				TARGETED_DEVICE_FAMILY = "1,2";
				TEST_HOST = "$(BUILT_PRODUCTS_DIR)/learn-swift.app/$(BUNDLE_EXECUTABLE_FOLDER_PATH)/learn-swift";
			};
			name = Release;
		};
		FCE633CB2A3554C6007F6C45 /* Debug */ = {
			isa = XCBuildConfiguration;
			buildSettings = {
				ALWAYS_EMBED_SWIFT_STANDARD_LIBRARIES = YES;
				CODE_SIGN_STYLE = Automatic;
				CURRENT_PROJECT_VERSION = 1;
				GENERATE_INFOPLIST_FILE = YES;
				MARKETING_VERSION = 1.0;
				PRODUCT_BUNDLE_IDENTIFIER = "RobertChen.learn-swiftUITests";
				PRODUCT_NAME = "$(TARGET_NAME)";
				SWIFT_EMIT_LOC_STRINGS = NO;
				SWIFT_VERSION = 5.0;
				TARGETED_DEVICE_FAMILY = "1,2";
				TEST_TARGET_NAME = "learn-swift";
			};
			name = Debug;
		};
		FCE633CC2A3554C6007F6C45 /* Release */ = {
			isa = XCBuildConfiguration;
			buildSettings = {
				ALWAYS_EMBED_SWIFT_STANDARD_LIBRARIES = YES;
				CODE_SIGN_STYLE = Automatic;
				CURRENT_PROJECT_VERSION = 1;
				GENERATE_INFOPLIST_FILE = YES;
				MARKETING_VERSION = 1.0;
				PRODUCT_BUNDLE_IDENTIFIER = "RobertChen.learn-swiftUITests";
				PRODUCT_NAME = "$(TARGET_NAME)";
				SWIFT_EMIT_LOC_STRINGS = NO;
				SWIFT_VERSION = 5.0;
				TARGETED_DEVICE_FAMILY = "1,2";
				TEST_TARGET_NAME = "learn-swift";
			};
			name = Release;
		};
/* End XCBuildConfiguration section */

/* Begin XCConfigurationList section */
		FCE6339B2A3554C5007F6C45 /* Build configuration list for PBXProject "learn-swift" */ = {
			isa = XCConfigurationList;
			buildConfigurations = (
				FCE633C22A3554C6007F6C45 /* Debug */,
				FCE633C32A3554C6007F6C45 /* Release */,
			);
			defaultConfigurationIsVisible = 0;
			defaultConfigurationName = Release;
		};
		FCE633C42A3554C6007F6C45 /* Build configuration list for PBXNativeTarget "learn-swift" */ = {
			isa = XCConfigurationList;
			buildConfigurations = (
				FCE633C52A3554C6007F6C45 /* Debug */,
				FCE633C62A3554C6007F6C45 /* Release */,
			);
			defaultConfigurationIsVisible = 0;
			defaultConfigurationName = Release;
		};
		FCE633C72A3554C6007F6C45 /* Build configuration list for PBXNativeTarget "learn-swiftTests" */ = {
			isa = XCConfigurationList;
			buildConfigurations = (
				FCE633C82A3554C6007F6C45 /* Debug */,
				FCE633C92A3554C6007F6C45 /* Release */,
			);
			defaultConfigurationIsVisible = 0;
			defaultConfigurationName = Release;
		};
		FCE633CA2A3554C6007F6C45 /* Build configuration list for PBXNativeTarget "learn-swiftUITests" */ = {
			isa = XCConfigurationList;
			buildConfigurations = (
				FCE633CB2A3554C6007F6C45 /* Debug */,
				FCE633CC2A3554C6007F6C45 /* Release */,
			);
			defaultConfigurationIsVisible = 0;
			defaultConfigurationName = Release;
		};
/* End XCConfigurationList section */
	};
	rootObject = FCE633982A3554C5007F6C45 /* Project object */;
}
